// !$*UTF8*$!
{
	archiveVersion = 1;
	classes = {
	};
	objectVersion = 46;
	objects = {

/* Begin PBXBuildFile section */
		6D765DE81D45AB1900FD683B /* main.m in Sources */ = {isa = PBXBuildFile; fileRef = 6D765DE71D45AB1900FD683B /* main.m */; };
		6D765DEB1D45AB1900FD683B /* AppDelegate.m in Sources */ = {isa = PBXBuildFile; fileRef = 6D765DEA1D45AB1900FD683B /* AppDelegate.m */; };
		6D765DEE1D45AB1900FD683B /* ViewController.m in Sources */ = {isa = PBXBuildFile; fileRef = 6D765DED1D45AB1900FD683B /* ViewController.m */; };
		6D765DF11D45AB1900FD683B /* Main.storyboard in Resources */ = {isa = PBXBuildFile; fileRef = 6D765DEF1D45AB1900FD683B /* Main.storyboard */; };
		6D765DF31D45AB1900FD683B /* Assets.xcassets in Resources */ = {isa = PBXBuildFile; fileRef = 6D765DF21D45AB1900FD683B /* Assets.xcassets */; };
		6D765DF61D45AB1900FD683B /* LaunchScreen.storyboard in Resources */ = {isa = PBXBuildFile; fileRef = 6D765DF41D45AB1900FD683B /* LaunchScreen.storyboard */; };
		6D765E011D45AB1900FD683B /* SecondWatchTests.m in Sources */ = {isa = PBXBuildFile; fileRef = 6D765E001D45AB1900FD683B /* SecondWatchTests.m */; };
		6D765E0C1D45AB1900FD683B /* SecondWatchUITests.m in Sources */ = {isa = PBXBuildFile; fileRef = 6D765E0B1D45AB1900FD683B /* SecondWatchUITests.m */; };
/* End PBXBuildFile section */

/* Begin PBXContainerItemProxy section */
		6D765DFD1D45AB1900FD683B /* PBXContainerItemProxy */ = {
			isa = PBXContainerItemProxy;
			containerPortal = 6D765DDB1D45AB1800FD683B /* Project object */;
			proxyType = 1;
			remoteGlobalIDString = 6D765DE21D45AB1800FD683B;
			remoteInfo = SecondWatch;
		};
		6D765E081D45AB1900FD683B /* PBXContainerItemProxy */ = {
			isa = PBXContainerItemProxy;
			containerPortal = 6D765DDB1D45AB1800FD683B /* Project object */;
			proxyType = 1;
			remoteGlobalIDString = 6D765DE21D45AB1800FD683B;
			remoteInfo = SecondWatch;
		};
/* End PBXContainerItemProxy section */

/* Begin PBXFileReference section */
		6D765DE31D45AB1900FD683B /* SecondWatch.app */ = {isa = PBXFileReference; explicitFileType = wrapper.application; includeInIndex = 0; path = SecondWatch.app; sourceTree = BUILT_PRODUCTS_DIR; };
		6D765DE71D45AB1900FD683B /* main.m */ = {isa = PBXFileReference; lastKnownFileType = sourcecode.c.objc; path = main.m; sourceTree = "<group>"; };
		6D765DE91D45AB1900FD683B /* AppDelegate.h */ = {isa = PBXFileReference; lastKnownFileType = sourcecode.c.h; path = AppDelegate.h; sourceTree = "<group>"; };
		6D765DEA1D45AB1900FD683B /* AppDelegate.m */ = {isa = PBXFileReference; lastKnownFileType = sourcecode.c.objc; path = AppDelegate.m; sourceTree = "<group>"; };
		6D765DEC1D45AB1900FD683B /* ViewController.h */ = {isa = PBXFileReference; lastKnownFileType = sourcecode.c.h; path = ViewController.h; sourceTree = "<group>"; };
		6D765DED1D45AB1900FD683B /* ViewController.m */ = {isa = PBXFileReference; lastKnownFileType = sourcecode.c.objc; path = ViewController.m; sourceTree = "<group>"; };
		6D765DF01D45AB1900FD683B /* Base */ = {isa = PBXFileReference; lastKnownFileType = file.storyboard; name = Base; path = Base.lproj/Main.storyboard; sourceTree = "<group>"; };
		6D765DF21D45AB1900FD683B /* Assets.xcassets */ = {isa = PBXFileReference; lastKnownFileType = folder.assetcatalog; path = Assets.xcassets; sourceTree = "<group>"; };
		6D765DF51D45AB1900FD683B /* Base */ = {isa = PBXFileReference; lastKnownFileType = file.storyboard; name = Base; path = Base.lproj/LaunchScreen.storyboard; sourceTree = "<group>"; };
		6D765DF71D45AB1900FD683B /* Info.plist */ = {isa = PBXFileReference; lastKnownFileType = text.plist.xml; path = Info.plist; sourceTree = "<group>"; };
		6D765DFC1D45AB1900FD683B /* SecondWatchTests.xctest */ = {isa = PBXFileReference; explicitFileType = wrapper.cfbundle; includeInIndex = 0; path = SecondWatchTests.xctest; sourceTree = BUILT_PRODUCTS_DIR; };
		6D765E001D45AB1900FD683B /* SecondWatchTests.m */ = {isa = PBXFileReference; lastKnownFileType = sourcecode.c.objc; path = SecondWatchTests.m; sourceTree = "<group>"; };
		6D765E021D45AB1900FD683B /* Info.plist */ = {isa = PBXFileReference; lastKnownFileType = text.plist.xml; path = Info.plist; sourceTree = "<group>"; };
		6D765E071D45AB1900FD683B /* SecondWatchUITests.xctest */ = {isa = PBXFileReference; explicitFileType = wrapper.cfbundle; includeInIndex = 0; path = SecondWatchUITests.xctest; sourceTree = BUILT_PRODUCTS_DIR; };
		6D765E0B1D45AB1900FD683B /* SecondWatchUITests.m */ = {isa = PBXFileReference; lastKnownFileType = sourcecode.c.objc; path = SecondWatchUITests.m; sourceTree = "<group>"; };
		6D765E0D1D45AB1900FD683B /* Info.plist */ = {isa = PBXFileReference; lastKnownFileType = text.plist.xml; path = Info.plist; sourceTree = "<group>"; };
/* End PBXFileReference section */

/* Begin PBXFrameworksBuildPhase section */
		6D765DE01D45AB1800FD683B /* Frameworks */ = {
			isa = PBXFrameworksBuildPhase;
			buildActionMask = 2147483647;
			files = (
			);
			runOnlyForDeploymentPostprocessing = 0;
		};
		6D765DF91D45AB1900FD683B /* Frameworks */ = {
			isa = PBXFrameworksBuildPhase;
			buildActionMask = 2147483647;
			files = (
			);
			runOnlyForDeploymentPostprocessing = 0;
		};
		6D765E041D45AB1900FD683B /* Frameworks */ = {
			isa = PBXFrameworksBuildPhase;
			buildActionMask = 2147483647;
			files = (
			);
			runOnlyForDeploymentPostprocessing = 0;
		};
/* End PBXFrameworksBuildPhase section */

/* Begin PBXGroup section */
		6D765DDA1D45AB1800FD683B = {
			isa = PBXGroup;
			children = (
				6D765DE51D45AB1900FD683B /* SecondWatch */,
				6D765DFF1D45AB1900FD683B /* SecondWatchTests */,
				6D765E0A1D45AB1900FD683B /* SecondWatchUITests */,
				6D765DE41D45AB1900FD683B /* Products */,
			);
			sourceTree = "<group>";
		};
		6D765DE41D45AB1900FD683B /* Products */ = {
			isa = PBXGroup;
			children = (
				6D765DE31D45AB1900FD683B /* SecondWatch.app */,
				6D765DFC1D45AB1900FD683B /* SecondWatchTests.xctest */,
				6D765E071D45AB1900FD683B /* SecondWatchUITests.xctest */,
			);
			name = Products;
			sourceTree = "<group>";
		};
		6D765DE51D45AB1900FD683B /* SecondWatch */ = {
			isa = PBXGroup;
			children = (
				6D765DE91D45AB1900FD683B /* AppDelegate.h */,
				6D765DEA1D45AB1900FD683B /* AppDelegate.m */,
				6D765DEC1D45AB1900FD683B /* ViewController.h */,
				6D765DED1D45AB1900FD683B /* ViewController.m */,
				6D765DEF1D45AB1900FD683B /* Main.storyboard */,
				6D765DF21D45AB1900FD683B /* Assets.xcassets */,
				6D765DF41D45AB1900FD683B /* LaunchScreen.storyboard */,
				6D765DF71D45AB1900FD683B /* Info.plist */,
				6D765DE61D45AB1900FD683B /* Supporting Files */,
			);
			path = SecondWatch;
			sourceTree = "<group>";
		};
		6D765DE61D45AB1900FD683B /* Supporting Files */ = {
			isa = PBXGroup;
			children = (
				6D765DE71D45AB1900FD683B /* main.m */,
			);
			name = "Supporting Files";
			sourceTree = "<group>";
		};
		6D765DFF1D45AB1900FD683B /* SecondWatchTests */ = {
			isa = PBXGroup;
			children = (
				6D765E001D45AB1900FD683B /* SecondWatchTests.m */,
				6D765E021D45AB1900FD683B /* Info.plist */,
			);
			path = SecondWatchTests;
			sourceTree = "<group>";
		};
		6D765E0A1D45AB1900FD683B /* SecondWatchUITests */ = {
			isa = PBXGroup;
			children = (
				6D765E0B1D45AB1900FD683B /* SecondWatchUITests.m */,
				6D765E0D1D45AB1900FD683B /* Info.plist */,
			);
			path = SecondWatchUITests;
			sourceTree = "<group>";
		};
/* End PBXGroup section */

/* Begin PBXNativeTarget section */
		6D765DE21D45AB1800FD683B /* SecondWatch */ = {
			isa = PBXNativeTarget;
			buildConfigurationList = 6D765E101D45AB1900FD683B /* Build configuration list for PBXNativeTarget "SecondWatch" */;
			buildPhases = (
				6D765DDF1D45AB1800FD683B /* Sources */,
				6D765DE01D45AB1800FD683B /* Frameworks */,
				6D765DE11D45AB1800FD683B /* Resources */,
			);
			buildRules = (
			);
			dependencies = (
			);
			name = SecondWatch;
			productName = SecondWatch;
			productReference = 6D765DE31D45AB1900FD683B /* SecondWatch.app */;
			productType = "com.apple.product-type.application";
		};
		6D765DFB1D45AB1900FD683B /* SecondWatchTests */ = {
			isa = PBXNativeTarget;
			buildConfigurationList = 6D765E131D45AB1900FD683B /* Build configuration list for PBXNativeTarget "SecondWatchTests" */;
			buildPhases = (
				6D765DF81D45AB1900FD683B /* Sources */,
				6D765DF91D45AB1900FD683B /* Frameworks */,
				6D765DFA1D45AB1900FD683B /* Resources */,
			);
			buildRules = (
			);
			dependencies = (
				6D765DFE1D45AB1900FD683B /* PBXTargetDependency */,
			);
			name = SecondWatchTests;
			productName = SecondWatchTests;
			productReference = 6D765DFC1D45AB1900FD683B /* SecondWatchTests.xctest */;
			productType = "com.apple.product-type.bundle.unit-test";
		};
		6D765E061D45AB1900FD683B /* SecondWatchUITests */ = {
			isa = PBXNativeTarget;
			buildConfigurationList = 6D765E161D45AB1900FD683B /* Build configuration list for PBXNativeTarget "SecondWatchUITests" */;
			buildPhases = (
				6D765E031D45AB1900FD683B /* Sources */,
				6D765E041D45AB1900FD683B /* Frameworks */,
				6D765E051D45AB1900FD683B /* Resources */,
			);
			buildRules = (
			);
			dependencies = (
				6D765E091D45AB1900FD683B /* PBXTargetDependency */,
			);
			name = SecondWatchUITests;
			productName = SecondWatchUITests;
			productReference = 6D765E071D45AB1900FD683B /* SecondWatchUITests.xctest */;
			productType = "com.apple.product-type.bundle.ui-testing";
		};
/* End PBXNativeTarget section */

/* Begin PBXProject section */
		6D765DDB1D45AB1800FD683B /* Project object */ = {
			isa = PBXProject;
			attributes = {
				LastUpgradeCheck = 0720;
				ORGANIZATIONNAME = com.nd;
				TargetAttributes = {
					6D765DE21D45AB1800FD683B = {
						CreatedOnToolsVersion = 7.2;
					};
					6D765DFB1D45AB1900FD683B = {
						CreatedOnToolsVersion = 7.2;
						TestTargetID = 6D765DE21D45AB1800FD683B;
					};
					6D765E061D45AB1900FD683B = {
						CreatedOnToolsVersion = 7.2;
						TestTargetID = 6D765DE21D45AB1800FD683B;
					};
				};
			};
			buildConfigurationList = 6D765DDE1D45AB1800FD683B /* Build configuration list for PBXProject "SecondWatch" */;
			compatibilityVersion = "Xcode 3.2";
			developmentRegion = English;
			hasScannedForEncodings = 0;
			knownRegions = (
				en,
				Base,
			);
			mainGroup = 6D765DDA1D45AB1800FD683B;
			productRefGroup = 6D765DE41D45AB1900FD683B /* Products */;
			projectDirPath = "";
			projectRoot = "";
			targets = (
				6D765DE21D45AB1800FD683B /* SecondWatch */,
				6D765DFB1D45AB1900FD683B /* SecondWatchTests */,
				6D765E061D45AB1900FD683B /* SecondWatchUITests */,
			);
		};
/* End PBXProject section */

/* Begin PBXResourcesBuildPhase section */
		6D765DE11D45AB1800FD683B /* Resources */ = {
			isa = PBXResourcesBuildPhase;
			buildActionMask = 2147483647;
			files = (
				6D765DF61D45AB1900FD683B /* LaunchScreen.storyboard in Resources */,
				6D765DF31D45AB1900FD683B /* Assets.xcassets in Resources */,
				6D765DF11D45AB1900FD683B /* Main.storyboard in Resources */,
			);
			runOnlyForDeploymentPostprocessing = 0;
		};
		6D765DFA1D45AB1900FD683B /* Resources */ = {
			isa = PBXResourcesBuildPhase;
			buildActionMask = 2147483647;
			files = (
			);
			runOnlyForDeploymentPostprocessing = 0;
		};
		6D765E051D45AB1900FD683B /* Resources */ = {
			isa = PBXResourcesBuildPhase;
			buildActionMask = 2147483647;
			files = (
			);
			runOnlyForDeploymentPostprocessing = 0;
		};
/* End PBXResourcesBuildPhase section */

/* Begin PBXSourcesBuildPhase section */
		6D765DDF1D45AB1800FD683B /* Sources */ = {
			isa = PBXSourcesBuildPhase;
			buildActionMask = 2147483647;
			files = (
				6D765DEE1D45AB1900FD683B /* ViewController.m in Sources */,
				6D765DEB1D45AB1900FD683B /* AppDelegate.m in Sources */,
				6D765DE81D45AB1900FD683B /* main.m in Sources */,
			);
			runOnlyForDeploymentPostprocessing = 0;
		};
		6D765DF81D45AB1900FD683B /* Sources */ = {
			isa = PBXSourcesBuildPhase;
			buildActionMask = 2147483647;
			files = (
				6D765E011D45AB1900FD683B /* SecondWatchTests.m in Sources */,
			);
			runOnlyForDeploymentPostprocessing = 0;
		};
		6D765E031D45AB1900FD683B /* Sources */ = {
			isa = PBXSourcesBuildPhase;
			buildActionMask = 2147483647;
			files = (
				6D765E0C1D45AB1900FD683B /* SecondWatchUITests.m in Sources */,
			);
			runOnlyForDeploymentPostprocessing = 0;
		};
/* End PBXSourcesBuildPhase section */

/* Begin PBXTargetDependency section */
		6D765DFE1D45AB1900FD683B /* PBXTargetDependency */ = {
			isa = PBXTargetDependency;
			target = 6D765DE21D45AB1800FD683B /* SecondWatch */;
			targetProxy = 6D765DFD1D45AB1900FD683B /* PBXContainerItemProxy */;
		};
		6D765E091D45AB1900FD683B /* PBXTargetDependency */ = {
			isa = PBXTargetDependency;
			target = 6D765DE21D45AB1800FD683B /* SecondWatch */;
			targetProxy = 6D765E081D45AB1900FD683B /* PBXContainerItemProxy */;
		};
/* End PBXTargetDependency section */

/* Begin PBXVariantGroup section */
		6D765DEF1D45AB1900FD683B /* Main.storyboard */ = {
			isa = PBXVariantGroup;
			children = (
				6D765DF01D45AB1900FD683B /* Base */,
			);
			name = Main.storyboard;
			sourceTree = "<group>";
		};
		6D765DF41D45AB1900FD683B /* LaunchScreen.storyboard */ = {
			isa = PBXVariantGroup;
			children = (
				6D765DF51D45AB1900FD683B /* Base */,
			);
			name = LaunchScreen.storyboard;
			sourceTree = "<group>";
		};
/* End PBXVariantGroup section */

/* Begin XCBuildConfiguration section */
		6D765E0E1D45AB1900FD683B /* Debug */ = {
			isa = XCBuildConfiguration;
			buildSettings = {
				ALWAYS_SEARCH_USER_PATHS = NO;
				CLANG_CXX_LANGUAGE_STANDARD = "gnu++0x";
				CLANG_CXX_LIBRARY = "libc++";
				CLANG_ENABLE_MODULES = YES;
				CLANG_ENABLE_OBJC_ARC = YES;
				CLANG_WARN_BOOL_CONVERSION = YES;
				CLANG_WARN_CONSTANT_CONVERSION = YES;
				CLANG_WARN_DIRECT_OBJC_ISA_USAGE = YES_ERROR;
				CLANG_WARN_EMPTY_BODY = YES;
				CLANG_WARN_ENUM_CONVERSION = YES;
				CLANG_WARN_INT_CONVERSION = YES;
				CLANG_WARN_OBJC_ROOT_CLASS = YES_ERROR;
				CLANG_WARN_UNREACHABLE_CODE = YES;
				CLANG_WARN__DUPLICATE_METHOD_MATCH = YES;
				"CODE_SIGN_IDENTITY[sdk=iphoneos*]" = "iPhone Developer";
				COPY_PHASE_STRIP = NO;
				DEBUG_INFORMATION_FORMAT = dwarf;
				ENABLE_STRICT_OBJC_MSGSEND = YES;
				ENABLE_TESTABILITY = YES;
				GCC_C_LANGUAGE_STANDARD = gnu99;
				GCC_DYNAMIC_NO_PIC = NO;
				GCC_NO_COMMON_BLOCKS = YES;
				GCC_OPTIMIZATION_LEVEL = 0;
				GCC_PREPROCESSOR_DEFINITIONS = (
					"DEBUG=1",
					"$(inherited)",
				);
				GCC_WARN_64_TO_32_BIT_CONVERSION = YES;
				GCC_WARN_ABOUT_RETURN_TYPE = YES_ERROR;
				GCC_WARN_UNDECLARED_SELECTOR = YES;
				GCC_WARN_UNINITIALIZED_AUTOS = YES_AGGRESSIVE;
				GCC_WARN_UNUSED_FUNCTION = YES;
				GCC_WARN_UNUSED_VARIABLE = YES;
				IPHONEOS_DEPLOYMENT_TARGET = 9.2;
				MTL_ENABLE_DEBUG_INFO = YES;
				ONLY_ACTIVE_ARCH = YES;
				SDKROOT = iphoneos;
				TARGETED_DEVICE_FAMILY = "1,2";
			};
			name = Debug;
		};
		6D765E0F1D45AB1900FD683B /* Release */ = {
			isa = XCBuildConfiguration;
			buildSettings = {
				ALWAYS_SEARCH_USER_PATHS = NO;
				CLANG_CXX_LANGUAGE_STANDARD = "gnu++0x";
				CLANG_CXX_LIBRARY = "libc++";
				CLANG_ENABLE_MODULES = YES;
				CLANG_ENABLE_OBJC_ARC = YES;
				CLANG_WARN_BOOL_CONVERSION = YES;
				CLANG_WARN_CONSTANT_CONVERSION = YES;
				CLANG_WARN_DIRECT_OBJC_ISA_USAGE = YES_ERROR;
				CLANG_WARN_EMPTY_BODY = YES;
				CLANG_WARN_ENUM_CONVERSION = YES;
				CLANG_WARN_INT_CONVERSION = YES;
				CLANG_WARN_OBJC_ROOT_CLASS = YES_ERROR;
				CLANG_WARN_UNREACHABLE_CODE = YES;
				CLANG_WARN__DUPLICATE_METHOD_MATCH = YES;
				"CODE_SIGN_IDENTITY[sdk=iphoneos*]" = "iPhone Developer";
				COPY_PHASE_STRIP = NO;
				DEBUG_INFORMATION_FORMAT = "dwarf-with-dsym";
				ENABLE_NS_ASSERTIONS = NO;
				ENABLE_STRICT_OBJC_MSGSEND = YES;
				GCC_C_LANGUAGE_STANDARD = gnu99;
				GCC_NO_COMMON_BLOCKS = YES;
				GCC_WARN_64_TO_32_BIT_CONVERSION = YES;
				GCC_WARN_ABOUT_RETURN_TYPE = YES_ERROR;
				GCC_WARN_UNDECLARED_SELECTOR = YES;
				GCC_WARN_UNINITIALIZED_AUTOS = YES_AGGRESSIVE;
				GCC_WARN_UNUSED_FUNCTION = YES;
				GCC_WARN_UNUSED_VARIABLE = YES;
				IPHONEOS_DEPLOYMENT_TARGET = 9.2;
				MTL_ENABLE_DEBUG_INFO = NO;
				SDKROOT = iphoneos;
				TARGETED_DEVICE_FAMILY = "1,2";
				VALIDATE_PRODUCT = YES;
			};
			name = Release;
		};
		6D765E111D45AB1900FD683B /* Debug */ = {
			isa = XCBuildConfiguration;
			buildSettings = {
				ASSETCATALOG_COMPILER_APPICON_NAME = AppIcon;
				INFOPLIST_FILE = SecondWatch/Info.plist;
				LD_RUNPATH_SEARCH_PATHS = "$(inherited) @executable_path/Frameworks";
				PRODUCT_BUNDLE_IDENTIFIER = com.nd.SecondWatch;
				PRODUCT_NAME = "$(TARGET_NAME)";
			};
			name = Debug;
		};
		6D765E121D45AB1900FD683B /* Release */ = {
			isa = XCBuildConfiguration;
			buildSettings = {
				ASSETCATALOG_COMPILER_APPICON_NAME = AppIcon;
				INFOPLIST_FILE = SecondWatch/Info.plist;
				LD_RUNPATH_SEARCH_PATHS = "$(inherited) @executable_path/Frameworks";
				PRODUCT_BUNDLE_IDENTIFIER = com.nd.SecondWatch;
				PRODUCT_NAME = "$(TARGET_NAME)";
			};
			name = Release;
		};
		6D765E141D45AB1900FD683B /* Debug */ = {
			isa = XCBuildConfiguration;
			buildSettings = {
				BUNDLE_LOADER = "$(TEST_HOST)";
				INFOPLIST_FILE = SecondWatchTests/Info.plist;
				LD_RUNPATH_SEARCH_PATHS = "$(inherited) @executable_path/Frameworks @loader_path/Frameworks";
				PRODUCT_BUNDLE_IDENTIFIER = com.nd.SecondWatchTests;
				PRODUCT_NAME = "$(TARGET_NAME)";
				TEST_HOST = "$(BUILT_PRODUCTS_DIR)/SecondWatch.app/SecondWatch";
			};
			name = Debug;
		};
		6D765E151D45AB1900FD683B /* Release */ = {
			isa = XCBuildConfiguration;
			buildSettings = {
				BUNDLE_LOADER = "$(TEST_HOST)";
				INFOPLIST_FILE = SecondWatchTests/Info.plist;
				LD_RUNPATH_SEARCH_PATHS = "$(inherited) @executable_path/Frameworks @loader_path/Frameworks";
				PRODUCT_BUNDLE_IDENTIFIER = com.nd.SecondWatchTests;
				PRODUCT_NAME = "$(TARGET_NAME)";
				TEST_HOST = "$(BUILT_PRODUCTS_DIR)/SecondWatch.app/SecondWatch";
			};
			name = Release;
		};
		6D765E171D45AB1900FD683B /* Debug */ = {
			isa = XCBuildConfiguration;
			buildSettings = {
				INFOPLIST_FILE = SecondWatchUITests/Info.plist;
				LD_RUNPATH_SEARCH_PATHS = "$(inherited) @executable_path/Frameworks @loader_path/Frameworks";
				PRODUCT_BUNDLE_IDENTIFIER = com.nd.SecondWatchUITests;
				PRODUCT_NAME = "$(TARGET_NAME)";
				TEST_TARGET_NAME = SecondWatch;
				USES_XCTRUNNER = YES;
			};
			name = Debug;
		};
		6D765E181D45AB1900FD683B /* Release */ = {
			isa = XCBuildConfiguration;
			buildSettings = {
				INFOPLIST_FILE = SecondWatchUITests/Info.plist;
				LD_RUNPATH_SEARCH_PATHS = "$(inherited) @executable_path/Frameworks @loader_path/Frameworks";
				PRODUCT_BUNDLE_IDENTIFIER = com.nd.SecondWatchUITests;
				PRODUCT_NAME = "$(TARGET_NAME)";
				TEST_TARGET_NAME = SecondWatch;
				USES_XCTRUNNER = YES;
			};
			name = Release;
		};
/* End XCBuildConfiguration section */

/* Begin XCConfigurationList section */
		6D765DDE1D45AB1800FD683B /* Build configuration list for PBXProject "SecondWatch" */ = {
			isa = XCConfigurationList;
			buildConfigurations = (
				6D765E0E1D45AB1900FD683B /* Debug */,
				6D765E0F1D45AB1900FD683B /* Release */,
			);
			defaultConfigurationIsVisible = 0;
			defaultConfigurationName = Release;
		};
		6D765E101D45AB1900FD683B /* Build configuration list for PBXNativeTarget "SecondWatch" */ = {
			isa = XCConfigurationList;
			buildConfigurations = (
				6D765E111D45AB1900FD683B /* Debug */,
				6D765E121D45AB1900FD683B /* Release */,
			);
			defaultConfigurationIsVisible = 0;
		};
		6D765E131D45AB1900FD683B /* Build configuration list for PBXNativeTarget "SecondWatchTests" */ = {
			isa = XCConfigurationList;
			buildConfigurations = (
				6D765E141D45AB1900FD683B /* Debug */,
				6D765E151D45AB1900FD683B /* Release */,
			);
			defaultConfigurationIsVisible = 0;
		};
		6D765E161D45AB1900FD683B /* Build configuration list for PBXNativeTarget "SecondWatchUITests" */ = {
			isa = XCConfigurationList;
			buildConfigurations = (
				6D765E171D45AB1900FD683B /* Debug */,
				6D765E181D45AB1900FD683B /* Release */,
			);
			defaultConfigurationIsVisible = 0;
		};
/* End XCConfigurationList section */
	};
	rootObject = 6D765DDB1D45AB1800FD683B /* Project object */;
}
